
Microsoft Visual Studio Solution File, Format Version 12.00
# Visual Studio Version 17
VisualStudioVersion = 17.14.36121.58 d17.14
MinimumVisualStudioVersion = 10.0.40219.1
Project("{FAE04EC0-301F-11D3-BF4B-00C04F79EFBC}") = "SK-MultiAgent", "SK-MultiAgent\SK-MultiAgent.csproj", "{4F4ECBBD-93FB-4759-96DF-A7F7712731F3}"
EndProject
Global
	GlobalSection(SolutionConfigurationPlatforms) = preSolution
		Debug|Any CPU = Debug|Any CPU
		Release|Any CPU = Release|Any CPU
	EndGlobalSection
	GlobalSection(ProjectConfigurationPlatforms) = postSolution
		{4F4ECBBD-93FB-4759-96DF-A7F7712731F3}.Debug|Any CPU.ActiveCfg = Debug|Any CPU
		{4F4ECBBD-93FB-4759-96DF-A7F7712731F3}.Debug|Any CPU.Build.0 = Debug|Any CPU
		{4F4ECBBD-93FB-4759-96DF-A7F7712731F3}.Release|Any CPU.ActiveCfg = Release|Any CPU
		{4F4ECBBD-93FB-4759-96DF-A7F7712731F3}.Release|Any CPU.Build.0 = Release|Any CPU
	EndGlobalSection
	GlobalSection(SolutionProperties) = preSolution
		HideSolutionNode = FALSE
	EndGlobalSection
	GlobalSection(ExtensibilityGlobals) = postSolution
		SolutionGuid = {2FC36BE3-E77E-465E-9A64-12D2C6501905}
	EndGlobalSection
EndGlobal
