
Microsoft Visual Studio Solution File, Format Version 12.00
# Visual Studio Version 17
VisualStudioVersion = 17.14.36221.1 d17.14
MinimumVisualStudioVersion = 10.0.40219.1
Project("{FAE04EC0-301F-11D3-BF4B-00C04F79EFBC}") = "BlazorHybridSearchApp", "BlazorHybridSearchApp\BlazorHybridSearchApp.csproj", "{975702DC-FE2B-4D67-A439-2F685E02C90A}"
EndProject
Project("{FAE04EC0-301F-11D3-BF4B-00C04F79EFBC}") = "HybridSearch-Qdrant.AppHost", "HybridSearch-Qdrant.AppHost\HybridSearch-Qdrant.AppHost.csproj", "{A95F0465-E023-42C4-A4A5-DD9DC87E8416}"
EndProject
Project("{FAE04EC0-301F-11D3-BF4B-00C04F79EFBC}") = "HybridSearch-Qdrant.ServiceDefaults", "HybridSearch-Qdrant.ServiceDefaults\HybridSearch-Qdrant.ServiceDefaults.csproj", "{F1900AC9-F37D-B980-6F48-93D24F70D979}"
EndProject
Global
	GlobalSection(SolutionConfigurationPlatforms) = preSolution
		Debug|Any CPU = Debug|Any CPU
		Release|Any CPU = Release|Any CPU
	EndGlobalSection
	GlobalSection(ProjectConfigurationPlatforms) = postSolution
		{975702DC-FE2B-4D67-A439-2F685E02C90A}.Debug|Any CPU.ActiveCfg = Debug|Any CPU
		{975702DC-FE2B-4D67-A439-2F685E02C90A}.Debug|Any CPU.Build.0 = Debug|Any CPU
		{975702DC-FE2B-4D67-A439-2F685E02C90A}.Release|Any CPU.ActiveCfg = Release|Any CPU
		{975702DC-FE2B-4D67-A439-2F685E02C90A}.Release|Any CPU.Build.0 = Release|Any CPU
		{A95F0465-E023-42C4-A4A5-DD9DC87E8416}.Debug|Any CPU.ActiveCfg = Debug|Any CPU
		{A95F0465-E023-42C4-A4A5-DD9DC87E8416}.Debug|Any CPU.Build.0 = Debug|Any CPU
		{A95F0465-E023-42C4-A4A5-DD9DC87E8416}.Release|Any CPU.ActiveCfg = Release|Any CPU
		{A95F0465-E023-42C4-A4A5-DD9DC87E8416}.Release|Any CPU.Build.0 = Release|Any CPU
		{F1900AC9-F37D-B980-6F48-93D24F70D979}.Debug|Any CPU.ActiveCfg = Debug|Any CPU
		{F1900AC9-F37D-B980-6F48-93D24F70D979}.Debug|Any CPU.Build.0 = Debug|Any CPU
		{F1900AC9-F37D-B980-6F48-93D24F70D979}.Release|Any CPU.ActiveCfg = Release|Any CPU
		{F1900AC9-F37D-B980-6F48-93D24F70D979}.Release|Any CPU.Build.0 = Release|Any CPU
	EndGlobalSection
	GlobalSection(SolutionProperties) = preSolution
		HideSolutionNode = FALSE
	EndGlobalSection
	GlobalSection(ExtensibilityGlobals) = postSolution
		SolutionGuid = {19A9470D-631C-4F73-8597-41368F788956}
	EndGlobalSection
EndGlobal
