
Microsoft Visual Studio Solution File, Format Version 12.00
# Visual Studio Version 17
VisualStudioVersion = 17.14.36221.1 d17.14
MinimumVisualStudioVersion = 10.0.40219.1
Project("{FAE04EC0-301F-11D3-BF4B-00C04F79EFBC}") = "ConsoleApp", "ConsoleApp\ConsoleApp.csproj", "{CC146D8E-5C02-4A62-BCF6-7EBB7AFE7249}"
EndProject
Global
	GlobalSection(SolutionConfigurationPlatforms) = preSolution
		Debug|Any CPU = Debug|Any CPU
		Release|Any CPU = Release|Any CPU
	EndGlobalSection
	GlobalSection(ProjectConfigurationPlatforms) = postSolution
		{CC146D8E-5C02-4A62-BCF6-7EBB7AFE7249}.Debug|Any CPU.ActiveCfg = Debug|Any CPU
		{CC146D8E-5C02-4A62-BCF6-7EBB7AFE7249}.Debug|Any CPU.Build.0 = Debug|Any CPU
		{CC146D8E-5C02-4A62-BCF6-7EBB7AFE7249}.Release|Any CPU.ActiveCfg = Release|Any CPU
		{CC146D8E-5C02-4A62-BCF6-7EBB7AFE7249}.Release|Any CPU.Build.0 = Release|Any CPU
	EndGlobalSection
	GlobalSection(SolutionProperties) = preSolution
		HideSolutionNode = FALSE
	EndGlobalSection
	GlobalSection(ExtensibilityGlobals) = postSolution
		SolutionGuid = {B6CFF006-87AD-47EA-AD13-72F0C422E385}
	EndGlobalSection
EndGlobal
